// !$*UTF8*$!
{
	archiveVersion = 1;
	classes = {
	};
	objectVersion = 77;
	objects = {

/* Begin PBXBuildFile section */
		06D8063E5E3B1AC437615CBF /* LispHaskellHighlighterTests.swift in Sources */ = {isa = PBXBuildFile; fileRef = 73AD83957E845DFB81B2CB8F /* LispHaskellHighlighterTests.swift */; };
		096EE2F885A6915165EC2764 /* PerformanceTests.swift in Sources */ = {isa = PBXBuildFile; fileRef = 5A9A792F7392193B9B2560A7 /* PerformanceTests.swift */; };
		0AFEB0FA451E14E8A1A778FC /* CodeAutoIndent.swift in Sources */ = {isa = PBXBuildFile; fileRef = 5AB1A4E7E81DEC68E842415E /* CodeAutoIndent.swift */; };
		0B4ABA10F93882D6F7FAEA75 /* TextViewProxy.swift in Sources */ = {isa = PBXBuildFile; fileRef = DD1F0066CDE1C1277E21A7E5 /* TextViewProxy.swift */; };
		0BDFE83C59A5CF49A519B47F /* CodeTheme.swift in Sources */ = {isa = PBXBuildFile; fileRef = 2B2CD297A2BEBCF124186484 /* CodeTheme.swift */; };
		0C4C06120D42E7DDB4C1332E /* LispInterpreter.swift in Sources */ = {isa = PBXBuildFile; fileRef = 949DD6107EA51E364242B8C8 /* LispInterpreter.swift */; };
		1604426C49CFAC04B1B292FC /* LispILOSTests.swift in Sources */ = {isa = PBXBuildFile; fileRef = 4C5CF2B99041355CBE2FF754 /* LispILOSTests.swift */; };
		19D0F64D9EF218CE5556608A /* HelpDocumentTests.swift in Sources */ = {isa = PBXBuildFile; fileRef = 095D6D208DF6BFBAB79521CE /* HelpDocumentTests.swift */; };
		1A202195BDAB1DDBBF544C31 /* DetailedTextStatisticsTests.swift in Sources */ = {isa = PBXBuildFile; fileRef = FD08FCA1874CCC41CA2ED244 /* DetailedTextStatisticsTests.swift */; };
		2E3084EDD2AF710477320018 /* MarkdownTheme.swift in Sources */ = {isa = PBXBuildFile; fileRef = A8700510BE0F4AEB9DCFBBC5 /* MarkdownTheme.swift */; };
		2EB5BD98A968ACEB012B08BB /* LatexHighlighterTests.swift in Sources */ = {isa = PBXBuildFile; fileRef = 858B0CEA349321EB830E53EE /* LatexHighlighterTests.swift */; };
		351DA8343750C4D2A4B2D694 /* ManualView.swift in Sources */ = {isa = PBXBuildFile; fileRef = 340BFB8DAB1CFF050240FBDD /* ManualView.swift */; };
		394B42A81711504BB26A4E95 /* MarkdownPreviewView.swift in Sources */ = {isa = PBXBuildFile; fileRef = AACD2EF4D30F930095C8594B /* MarkdownPreviewView.swift */; };
		446FB596CFE88019A7E0E6C9 /* CodeAutoIndentTests.swift in Sources */ = {isa = PBXBuildFile; fileRef = D144D6D259410C05A55846B8 /* CodeAutoIndentTests.swift */; };
		4BF6F7C016E61FB0DCEE9147 /* LispValue.swift in Sources */ = {isa = PBXBuildFile; fileRef = 6DB7A72626192E7CE67AAD00 /* LispValue.swift */; };
		4FDE733DDD383933E9C9BE90 /* HelpDocument.swift in Sources */ = {isa = PBXBuildFile; fileRef = 74E8B86D1EDE50FCAC823E14 /* HelpDocument.swift */; };
		514C31469EA5301B53C9D7EA /* MarkdownListContinuation.swift in Sources */ = {isa = PBXBuildFile; fileRef = 190393005D0552BBD2D4B094 /* MarkdownListContinuation.swift */; };
		599873A4FD335D13DE59FC0A /* LispInterpreterTests.swift in Sources */ = {isa = PBXBuildFile; fileRef = 768F249EFE4178CC7E135962 /* LispInterpreterTests.swift */; };
		5BA1DCA83510FFD311E84889 /* LispError.swift in Sources */ = {isa = PBXBuildFile; fileRef = C4395E3F0C88678CA52E2A6E /* LispError.swift */; };
		6AAE0751A57FA5BA1CC80A92 /* LispReader.swift in Sources */ = {isa = PBXBuildFile; fileRef = 89A0EB50C03F5086F7BB527D /* LispReader.swift */; };
		705CF07637B24805B3A86CEF /* EditorView.swift in Sources */ = {isa = PBXBuildFile; fileRef = D2A6F4BDC6149BDD3D83FAC6 /* EditorView.swift */; };
		717755413E60E6C0EC3FE68B /* MarkdownListContinuationTests.swift in Sources */ = {isa = PBXBuildFile; fileRef = 05144775464E019983124BAB /* MarkdownListContinuationTests.swift */; };
		72E136C8AC7B43EA2347B7B4 /* LispEnvironment.swift in Sources */ = {isa = PBXBuildFile; fileRef = 5CE97DCC7D6F0A5097D6A8B5 /* LispEnvironment.swift */; };
		76218CAEB17B6AE081C78F68 /* LanguageDefinition.swift in Sources */ = {isa = PBXBuildFile; fileRef = B80DF0786448A408D22894F2 /* LanguageDefinition.swift */; };
		7A60F113A6F3E96FA2DA7F4B /* LineNumberGutterView.swift in Sources */ = {isa = PBXBuildFile; fileRef = 86A3A83692D5FEE6956FBA70 /* LineNumberGutterView.swift */; };
		7F443E8E01100C2F166C256E /* LispPlatformAPI.swift in Sources */ = {isa = PBXBuildFile; fileRef = 5C0E5ADB94350E64ADC74FCC /* LispPlatformAPI.swift */; };
		808682DD5EA1C4496966D24C /* MarkdownHighlighterTests.swift in Sources */ = {isa = PBXBuildFile; fileRef = BF44F87E03101D8124597A1E /* MarkdownHighlighterTests.swift */; };
		80BDE5A18A1562850C0CAB5C /* IchiseEditApp.swift in Sources */ = {isa = PBXBuildFile; fileRef = A19913D879598E9EC5E37292 /* IchiseEditApp.swift */; };
		862605AA9DD91756C0B15652 /* TextStatisticsTests.swift in Sources */ = {isa = PBXBuildFile; fileRef = F9A43294BF32337EC479B497 /* TextStatisticsTests.swift */; };
		901BB50DB9012EC229344FDC /* MacroEngineTests.swift in Sources */ = {isa = PBXBuildFile; fileRef = 3CACF30B445BAA677A1C8662 /* MacroEngineTests.swift */; };
		9CA1FC51A40B0CC701F808A6 /* LispSystemAPI.swift in Sources */ = {isa = PBXBuildFile; fileRef = 8EB3F27928DD171D09D65269 /* LispSystemAPI.swift */; };
		9E574F4BE5B1592587DB223B /* CodeHighlighter.swift in Sources */ = {isa = PBXBuildFile; fileRef = 915560F624990F44169622FF /* CodeHighlighter.swift */; };
		BC2F7E75D9F2DFEF0FE9F221 /* EditorMode.swift in Sources */ = {isa = PBXBuildFile; fileRef = 460DB1D3D22AA0DC54CB6DEA /* EditorMode.swift */; };
		C1830781870EEC03FC7AA0E1 /* MacroEngine.swift in Sources */ = {isa = PBXBuildFile; fileRef = 17AAA7C087E65D6CBE426F07 /* MacroEngine.swift */; };
		C8FB41BC24033A7247568B22 /* stdlib.lsp in Resources */ = {isa = PBXBuildFile; fileRef = 894BF41D23A884ADCFD35F7E /* stdlib.lsp */; };
		C9AD0329CE5B6D26D647DD1F /* DetailedTextStatistics.swift in Sources */ = {isa = PBXBuildFile; fileRef = 4BAAE51CE7F5E05E073C0F64 /* DetailedTextStatistics.swift */; };
		CC9D44B4280DAD0210EB2B06 /* macro-manual.md in Resources */ = {isa = PBXBuildFile; fileRef = 6DA7BFA5564AF41CAF01C7F4 /* macro-manual.md */; };
		CF0B7A130BD5160A5B3C2980 /* LispBuiltins.swift in Sources */ = {isa = PBXBuildFile; fileRef = 475F66ABCFBD115ED2049B3A /* LispBuiltins.swift */; };
		D31818226ADE3F4AE9ABF3F4 /* TextStatistics.swift in Sources */ = {isa = PBXBuildFile; fileRef = B5A38B1D72643512FA6F621D /* TextStatistics.swift */; };
		D3FD661B45FE4C1026A43773 /* MarkdownHighlighter.swift in Sources */ = {isa = PBXBuildFile; fileRef = A689E3962A4A5D0E1622F8EC /* MarkdownHighlighter.swift */; };
		DBFDD593B63C2678FE3484CF /* LispEditorAPI.swift in Sources */ = {isa = PBXBuildFile; fileRef = B168A6666F1254B29F0C2618 /* LispEditorAPI.swift */; };
		E2DD06BC15B76DF510A0E038 /* CodeHighlighterTests.swift in Sources */ = {isa = PBXBuildFile; fileRef = C367FC3ED9E5FD050687EDA4 /* CodeHighlighterTests.swift */; };
		E3B2367C35024E16941C0E1E /* StatisticsView.swift in Sources */ = {isa = PBXBuildFile; fileRef = FA184C3C42312511488E1DFB /* StatisticsView.swift */; };
		E8F49ECB75EE0050058EA731 /* MacroREPLView.swift in Sources */ = {isa = PBXBuildFile; fileRef = A5B989BDEAB72DC4C9EB9909 /* MacroREPLView.swift */; };
		EC6EFCE64F3F9CE934994925 /* Localizable.xcstrings in Resources */ = {isa = PBXBuildFile; fileRef = 302B16160A53975C365A015B /* Localizable.xcstrings */; };
		EDBB772EA1D4A8F390BF2238 /* DocExamplesTest.swift in Sources */ = {isa = PBXBuildFile; fileRef = 1490114121BCC32E7044F7A8 /* DocExamplesTest.swift */; };
		F27ABA336BC6BE959BFC8FC3 /* TextView.swift in Sources */ = {isa = PBXBuildFile; fileRef = DDC688ABE66BC1A26AB4DA86 /* TextView.swift */; };
		F7F7C961645ACA5E17A85E43 /* Assets.xcassets in Resources */ = {isa = PBXBuildFile; fileRef = DC847DA9CCA61A5B31ECAD21 /* Assets.xcassets */; };
		FA68804F7F5F1B0ADDCBEB42 /* TextDocument.swift in Sources */ = {isa = PBXBuildFile; fileRef = CB3F68CA1D308780230511CF /* TextDocument.swift */; };
/* End PBXBuildFile section */

/* Begin PBXContainerItemProxy section */
		74F5E4BB60306EACD8C646E1 /* PBXContainerItemProxy */ = {
			isa = PBXContainerItemProxy;
			containerPortal = 49347C2D81F7E1A1DC0E090F /* Project object */;
			proxyType = 1;
			remoteGlobalIDString = 5C01FAE8FF8A67BE97BE2B56;
			remoteInfo = ichiseEdit;
		};
/* End PBXContainerItemProxy section */

/* Begin PBXFileReference section */
		05144775464E019983124BAB /* MarkdownListContinuationTests.swift */ = {isa = PBXFileReference; lastKnownFileType = sourcecode.swift; path = MarkdownListContinuationTests.swift; sourceTree = "<group>"; };
		095D6D208DF6BFBAB79521CE /* HelpDocumentTests.swift */ = {isa = PBXFileReference; lastKnownFileType = sourcecode.swift; path = HelpDocumentTests.swift; sourceTree = "<group>"; };
		1490114121BCC32E7044F7A8 /* DocExamplesTest.swift */ = {isa = PBXFileReference; lastKnownFileType = sourcecode.swift; path = DocExamplesTest.swift; sourceTree = "<group>"; };
		17AAA7C087E65D6CBE426F07 /* MacroEngine.swift */ = {isa = PBXFileReference; lastKnownFileType = sourcecode.swift; path = MacroEngine.swift; sourceTree = "<group>"; };
		190393005D0552BBD2D4B094 /* MarkdownListContinuation.swift */ = {isa = PBXFileReference; lastKnownFileType = sourcecode.swift; path = MarkdownListContinuation.swift; sourceTree = "<group>"; };
		2B2CD297A2BEBCF124186484 /* CodeTheme.swift */ = {isa = PBXFileReference; lastKnownFileType = sourcecode.swift; path = CodeTheme.swift; sourceTree = "<group>"; };
		302B16160A53975C365A015B /* Localizable.xcstrings */ = {isa = PBXFileReference; lastKnownFileType = text.json.xcstrings; path = Localizable.xcstrings; sourceTree = "<group>"; };
		340BFB8DAB1CFF050240FBDD /* ManualView.swift */ = {isa = PBXFileReference; lastKnownFileType = sourcecode.swift; path = ManualView.swift; sourceTree = "<group>"; };
		3CACF30B445BAA677A1C8662 /* MacroEngineTests.swift */ = {isa = PBXFileReference; lastKnownFileType = sourcecode.swift; path = MacroEngineTests.swift; sourceTree = "<group>"; };
		460DB1D3D22AA0DC54CB6DEA /* EditorMode.swift */ = {isa = PBXFileReference; lastKnownFileType = sourcecode.swift; path = EditorMode.swift; sourceTree = "<group>"; };
		475F66ABCFBD115ED2049B3A /* LispBuiltins.swift */ = {isa = PBXFileReference; lastKnownFileType = sourcecode.swift; path = LispBuiltins.swift; sourceTree = "<group>"; };
		4BAAE51CE7F5E05E073C0F64 /* DetailedTextStatistics.swift */ = {isa = PBXFileReference; lastKnownFileType = sourcecode.swift; path = DetailedTextStatistics.swift; sourceTree = "<group>"; };
		4C5CF2B99041355CBE2FF754 /* LispILOSTests.swift */ = {isa = PBXFileReference; lastKnownFileType = sourcecode.swift; path = LispILOSTests.swift; sourceTree = "<group>"; };
		5A9A792F7392193B9B2560A7 /* PerformanceTests.swift */ = {isa = PBXFileReference; lastKnownFileType = sourcecode.swift; path = PerformanceTests.swift; sourceTree = "<group>"; };
		5AB1A4E7E81DEC68E842415E /* CodeAutoIndent.swift */ = {isa = PBXFileReference; lastKnownFileType = sourcecode.swift; path = CodeAutoIndent.swift; sourceTree = "<group>"; };
		5C0E5ADB94350E64ADC74FCC /* LispPlatformAPI.swift */ = {isa = PBXFileReference; lastKnownFileType = sourcecode.swift; path = LispPlatformAPI.swift; sourceTree = "<group>"; };
		5CE97DCC7D6F0A5097D6A8B5 /* LispEnvironment.swift */ = {isa = PBXFileReference; lastKnownFileType = sourcecode.swift; path = LispEnvironment.swift; sourceTree = "<group>"; };
		6DA7BFA5564AF41CAF01C7F4 /* macro-manual.md */ = {isa = PBXFileReference; lastKnownFileType = net.daringfireball.markdown; path = "macro-manual.md"; sourceTree = "<group>"; };
		6DB7A72626192E7CE67AAD00 /* LispValue.swift */ = {isa = PBXFileReference; lastKnownFileType = sourcecode.swift; path = LispValue.swift; sourceTree = "<group>"; };
		73AD83957E845DFB81B2CB8F /* LispHaskellHighlighterTests.swift */ = {isa = PBXFileReference; lastKnownFileType = sourcecode.swift; path = LispHaskellHighlighterTests.swift; sourceTree = "<group>"; };
		74E8B86D1EDE50FCAC823E14 /* HelpDocument.swift */ = {isa = PBXFileReference; lastKnownFileType = sourcecode.swift; path = HelpDocument.swift; sourceTree = "<group>"; };
		768F249EFE4178CC7E135962 /* LispInterpreterTests.swift */ = {isa = PBXFileReference; lastKnownFileType = sourcecode.swift; path = LispInterpreterTests.swift; sourceTree = "<group>"; };
		8025901E07734B59816C7E63 /* Info.plist */ = {isa = PBXFileReference; lastKnownFileType = text.plist; path = Info.plist; sourceTree = "<group>"; };
		858B0CEA349321EB830E53EE /* LatexHighlighterTests.swift */ = {isa = PBXFileReference; lastKnownFileType = sourcecode.swift; path = LatexHighlighterTests.swift; sourceTree = "<group>"; };
		86A3A83692D5FEE6956FBA70 /* LineNumberGutterView.swift */ = {isa = PBXFileReference; lastKnownFileType = sourcecode.swift; path = LineNumberGutterView.swift; sourceTree = "<group>"; };
		894BF41D23A884ADCFD35F7E /* stdlib.lsp */ = {isa = PBXFileReference; path = stdlib.lsp; sourceTree = "<group>"; };
		89A0EB50C03F5086F7BB527D /* LispReader.swift */ = {isa = PBXFileReference; lastKnownFileType = sourcecode.swift; path = LispReader.swift; sourceTree = "<group>"; };
		8EB3F27928DD171D09D65269 /* LispSystemAPI.swift */ = {isa = PBXFileReference; lastKnownFileType = sourcecode.swift; path = LispSystemAPI.swift; sourceTree = "<group>"; };
		915560F624990F44169622FF /* CodeHighlighter.swift */ = {isa = PBXFileReference; lastKnownFileType = sourcecode.swift; path = CodeHighlighter.swift; sourceTree = "<group>"; };
		949DD6107EA51E364242B8C8 /* LispInterpreter.swift */ = {isa = PBXFileReference; lastKnownFileType = sourcecode.swift; path = LispInterpreter.swift; sourceTree = "<group>"; };
		A19913D879598E9EC5E37292 /* IchiseEditApp.swift */ = {isa = PBXFileReference; lastKnownFileType = sourcecode.swift; path = IchiseEditApp.swift; sourceTree = "<group>"; };
		A5B989BDEAB72DC4C9EB9909 /* MacroREPLView.swift */ = {isa = PBXFileReference; lastKnownFileType = sourcecode.swift; path = MacroREPLView.swift; sourceTree = "<group>"; };
		A689E3962A4A5D0E1622F8EC /* MarkdownHighlighter.swift */ = {isa = PBXFileReference; lastKnownFileType = sourcecode.swift; path = MarkdownHighlighter.swift; sourceTree = "<group>"; };
		A8700510BE0F4AEB9DCFBBC5 /* MarkdownTheme.swift */ = {isa = PBXFileReference; lastKnownFileType = sourcecode.swift; path = MarkdownTheme.swift; sourceTree = "<group>"; };
		AACD2EF4D30F930095C8594B /* MarkdownPreviewView.swift */ = {isa = PBXFileReference; lastKnownFileType = sourcecode.swift; path = MarkdownPreviewView.swift; sourceTree = "<group>"; };
		B168A6666F1254B29F0C2618 /* LispEditorAPI.swift */ = {isa = PBXFileReference; lastKnownFileType = sourcecode.swift; path = LispEditorAPI.swift; sourceTree = "<group>"; };
		B5A38B1D72643512FA6F621D /* TextStatistics.swift */ = {isa = PBXFileReference; lastKnownFileType = sourcecode.swift; path = TextStatistics.swift; sourceTree = "<group>"; };
		B80DF0786448A408D22894F2 /* LanguageDefinition.swift */ = {isa = PBXFileReference; lastKnownFileType = sourcecode.swift; path = LanguageDefinition.swift; sourceTree = "<group>"; };
		BF44F87E03101D8124597A1E /* MarkdownHighlighterTests.swift */ = {isa = PBXFileReference; lastKnownFileType = sourcecode.swift; path = MarkdownHighlighterTests.swift; sourceTree = "<group>"; };
		C367FC3ED9E5FD050687EDA4 /* CodeHighlighterTests.swift */ = {isa = PBXFileReference; lastKnownFileType = sourcecode.swift; path = CodeHighlighterTests.swift; sourceTree = "<group>"; };
		C4395E3F0C88678CA52E2A6E /* LispError.swift */ = {isa = PBXFileReference; lastKnownFileType = sourcecode.swift; path = LispError.swift; sourceTree = "<group>"; };
		CB3F68CA1D308780230511CF /* TextDocument.swift */ = {isa = PBXFileReference; lastKnownFileType = sourcecode.swift; path = TextDocument.swift; sourceTree = "<group>"; };
		D095D63881A0ECFBC1452DE8 /* ichiseEdit.app */ = {isa = PBXFileReference; includeInIndex = 0; lastKnownFileType = wrapper.application; path = ichiseEdit.app; sourceTree = BUILT_PRODUCTS_DIR; };
		D0ED48A8827F2C9C09A3F2BF /* ichiseEditTests.xctest */ = {isa = PBXFileReference; includeInIndex = 0; lastKnownFileType = wrapper.cfbundle; path = ichiseEditTests.xctest; sourceTree = BUILT_PRODUCTS_DIR; };
		D144D6D259410C05A55846B8 /* CodeAutoIndentTests.swift */ = {isa = PBXFileReference; lastKnownFileType = sourcecode.swift; path = CodeAutoIndentTests.swift; sourceTree = "<group>"; };
		D2A6F4BDC6149BDD3D83FAC6 /* EditorView.swift */ = {isa = PBXFileReference; lastKnownFileType = sourcecode.swift; path = EditorView.swift; sourceTree = "<group>"; };
		DC847DA9CCA61A5B31ECAD21 /* Assets.xcassets */ = {isa = PBXFileReference; lastKnownFileType = folder.assetcatalog; path = Assets.xcassets; sourceTree = "<group>"; };
		DD1F0066CDE1C1277E21A7E5 /* TextViewProxy.swift */ = {isa = PBXFileReference; lastKnownFileType = sourcecode.swift; path = TextViewProxy.swift; sourceTree = "<group>"; };
		DDC688ABE66BC1A26AB4DA86 /* TextView.swift */ = {isa = PBXFileReference; lastKnownFileType = sourcecode.swift; path = TextView.swift; sourceTree = "<group>"; };
		F9A43294BF32337EC479B497 /* TextStatisticsTests.swift */ = {isa = PBXFileReference; lastKnownFileType = sourcecode.swift; path = TextStatisticsTests.swift; sourceTree = "<group>"; };
		FA184C3C42312511488E1DFB /* StatisticsView.swift */ = {isa = PBXFileReference; lastKnownFileType = sourcecode.swift; path = StatisticsView.swift; sourceTree = "<group>"; };
		FD08FCA1874CCC41CA2ED244 /* DetailedTextStatisticsTests.swift */ = {isa = PBXFileReference; lastKnownFileType = sourcecode.swift; path = DetailedTextStatisticsTests.swift; sourceTree = "<group>"; };
/* End PBXFileReference section */

/* Begin PBXGroup section */
		14335389A6FE426E055CF46D /* Help */ = {
			isa = PBXGroup;
			children = (
				74E8B86D1EDE50FCAC823E14 /* HelpDocument.swift */,
				340BFB8DAB1CFF050240FBDD /* ManualView.swift */,
			);
			path = Help;
			sourceTree = "<group>";
		};
		2899B8EA4837A71C0343F258 /* App */ = {
			isa = PBXGroup;
			children = (
				A19913D879598E9EC5E37292 /* IchiseEditApp.swift */,
			);
			path = App;
			sourceTree = "<group>";
		};
		29B38D46AD494BEA2B12C2B5 /* ichiseEditTests */ = {
			isa = PBXGroup;
			children = (
				D144D6D259410C05A55846B8 /* CodeAutoIndentTests.swift */,
				C367FC3ED9E5FD050687EDA4 /* CodeHighlighterTests.swift */,
				FD08FCA1874CCC41CA2ED244 /* DetailedTextStatisticsTests.swift */,
				1490114121BCC32E7044F7A8 /* DocExamplesTest.swift */,
				095D6D208DF6BFBAB79521CE /* HelpDocumentTests.swift */,
				858B0CEA349321EB830E53EE /* LatexHighlighterTests.swift */,
				73AD83957E845DFB81B2CB8F /* LispHaskellHighlighterTests.swift */,
				4C5CF2B99041355CBE2FF754 /* LispILOSTests.swift */,
				768F249EFE4178CC7E135962 /* LispInterpreterTests.swift */,
				3CACF30B445BAA677A1C8662 /* MacroEngineTests.swift */,
				BF44F87E03101D8124597A1E /* MarkdownHighlighterTests.swift */,
				05144775464E019983124BAB /* MarkdownListContinuationTests.swift */,
				5A9A792F7392193B9B2560A7 /* PerformanceTests.swift */,
				F9A43294BF32337EC479B497 /* TextStatisticsTests.swift */,
			);
			path = ichiseEditTests;
			sourceTree = "<group>";
		};
		2C7D1B727A4D3CFD8FF2E9B5 /* Macro */ = {
			isa = PBXGroup;
			children = (
				B168A6666F1254B29F0C2618 /* LispEditorAPI.swift */,
				5C0E5ADB94350E64ADC74FCC /* LispPlatformAPI.swift */,
				8EB3F27928DD171D09D65269 /* LispSystemAPI.swift */,
				17AAA7C087E65D6CBE426F07 /* MacroEngine.swift */,
				A5B989BDEAB72DC4C9EB9909 /* MacroREPLView.swift */,
			);
			path = Macro;
			sourceTree = "<group>";
		};
		328E90BFCBFEAB40D0881313 /* Lisp */ = {
			isa = PBXGroup;
			children = (
				475F66ABCFBD115ED2049B3A /* LispBuiltins.swift */,
				5CE97DCC7D6F0A5097D6A8B5 /* LispEnvironment.swift */,
				C4395E3F0C88678CA52E2A6E /* LispError.swift */,
				949DD6107EA51E364242B8C8 /* LispInterpreter.swift */,
				89A0EB50C03F5086F7BB527D /* LispReader.swift */,
				6DB7A72626192E7CE67AAD00 /* LispValue.swift */,
			);
			path = Lisp;
			sourceTree = "<group>";
		};
		37AA5D92B4B50F033CF722E4 /* Markdown */ = {
			isa = PBXGroup;
			children = (
				A689E3962A4A5D0E1622F8EC /* MarkdownHighlighter.swift */,
				190393005D0552BBD2D4B094 /* MarkdownListContinuation.swift */,
				AACD2EF4D30F930095C8594B /* MarkdownPreviewView.swift */,
				A8700510BE0F4AEB9DCFBBC5 /* MarkdownTheme.swift */,
			);
			path = Markdown;
			sourceTree = "<group>";
		};
		3BEA391C20EA23E068FA8211 /* Support */ = {
			isa = PBXGroup;
			children = (
				8025901E07734B59816C7E63 /* Info.plist */,
			);
			path = Support;
			sourceTree = "<group>";
		};
		3FF28A944EADE92CE69924C3 /* docs */ = {
			isa = PBXGroup;
			children = (
				6DA7BFA5564AF41CAF01C7F4 /* macro-manual.md */,
			);
			path = docs;
			sourceTree = "<group>";
		};
		51331926E2FBA37BED0A240B /* Document */ = {
			isa = PBXGroup;
			children = (
				CB3F68CA1D308780230511CF /* TextDocument.swift */,
			);
			path = Document;
			sourceTree = "<group>";
		};
		81CB5F2223CFB205DF76D471 /* ichiseEdit */ = {
			isa = PBXGroup;
			children = (
				2899B8EA4837A71C0343F258 /* App */,
				E22F028BD855D9A338901E9D /* Code */,
				51331926E2FBA37BED0A240B /* Document */,
				F4B115F39C8D5DCD5540EA1A /* Editor */,
				14335389A6FE426E055CF46D /* Help */,
				328E90BFCBFEAB40D0881313 /* Lisp */,
				2C7D1B727A4D3CFD8FF2E9B5 /* Macro */,
				37AA5D92B4B50F033CF722E4 /* Markdown */,
				B422D56E86C9CE2D869C9ED2 /* Resources */,
				3BEA391C20EA23E068FA8211 /* Support */,
			);
			path = ichiseEdit;
			sourceTree = "<group>";
		};
		B422D56E86C9CE2D869C9ED2 /* Resources */ = {
			isa = PBXGroup;
			children = (
				DC847DA9CCA61A5B31ECAD21 /* Assets.xcassets */,
				302B16160A53975C365A015B /* Localizable.xcstrings */,
				894BF41D23A884ADCFD35F7E /* stdlib.lsp */,
			);
			path = Resources;
			sourceTree = "<group>";
		};
		C95D26C3EF39206CC49A904D /* Products */ = {
			isa = PBXGroup;
			children = (
				D095D63881A0ECFBC1452DE8 /* ichiseEdit.app */,
				D0ED48A8827F2C9C09A3F2BF /* ichiseEditTests.xctest */,
			);
			name = Products;
			sourceTree = "<group>";
		};
		E22F028BD855D9A338901E9D /* Code */ = {
			isa = PBXGroup;
			children = (
				5AB1A4E7E81DEC68E842415E /* CodeAutoIndent.swift */,
				915560F624990F44169622FF /* CodeHighlighter.swift */,
				2B2CD297A2BEBCF124186484 /* CodeTheme.swift */,
				B80DF0786448A408D22894F2 /* LanguageDefinition.swift */,
			);
			path = Code;
			sourceTree = "<group>";
		};
		E8DA1BD966A3F978D549B326 = {
			isa = PBXGroup;
			children = (
				3FF28A944EADE92CE69924C3 /* docs */,
				81CB5F2223CFB205DF76D471 /* ichiseEdit */,
				29B38D46AD494BEA2B12C2B5 /* ichiseEditTests */,
				C95D26C3EF39206CC49A904D /* Products */,
			);
			sourceTree = "<group>";
		};
		F4B115F39C8D5DCD5540EA1A /* Editor */ = {
			isa = PBXGroup;
			children = (
				4BAAE51CE7F5E05E073C0F64 /* DetailedTextStatistics.swift */,
				460DB1D3D22AA0DC54CB6DEA /* EditorMode.swift */,
				D2A6F4BDC6149BDD3D83FAC6 /* EditorView.swift */,
				86A3A83692D5FEE6956FBA70 /* LineNumberGutterView.swift */,
				FA184C3C42312511488E1DFB /* StatisticsView.swift */,
				B5A38B1D72643512FA6F621D /* TextStatistics.swift */,
				DDC688ABE66BC1A26AB4DA86 /* TextView.swift */,
				DD1F0066CDE1C1277E21A7E5 /* TextViewProxy.swift */,
			);
			path = Editor;
			sourceTree = "<group>";
		};
/* End PBXGroup section */

/* Begin PBXNativeTarget section */
		5C01FAE8FF8A67BE97BE2B56 /* ichiseEdit */ = {
			isa = PBXNativeTarget;
			buildConfigurationList = C9CD54C5585D50413F95D099 /* Build configuration list for PBXNativeTarget "ichiseEdit" */;
			buildPhases = (
				855AC01E36F63D4779411DE4 /* Sources */,
				C6745A94445350F120BE776D /* Resources */,
			);
			buildRules = (
			);
			dependencies = (
			);
			name = ichiseEdit;
			packageProductDependencies = (
			);
			productName = ichiseEdit;
			productReference = D095D63881A0ECFBC1452DE8 /* ichiseEdit.app */;
			productType = "com.apple.product-type.application";
		};
		EF3FB14167AFCD86E9DBB4C3 /* ichiseEditTests */ = {
			isa = PBXNativeTarget;
			buildConfigurationList = 0BDEA3032275D49F5DB535F7 /* Build configuration list for PBXNativeTarget "ichiseEditTests" */;
			buildPhases = (
				5C3D18C2892430DFABA7275A /* Sources */,
			);
			buildRules = (
			);
			dependencies = (
				D7BA58507DC11070209E8F52 /* PBXTargetDependency */,
			);
			name = ichiseEditTests;
			packageProductDependencies = (
			);
			productName = ichiseEditTests;
			productReference = D0ED48A8827F2C9C09A3F2BF /* ichiseEditTests.xctest */;
			productType = "com.apple.product-type.bundle.unit-test";
		};
/* End PBXNativeTarget section */

/* Begin PBXProject section */
		49347C2D81F7E1A1DC0E090F /* Project object */ = {
			isa = PBXProject;
			attributes = {
				BuildIndependentTargetsInParallel = YES;
				LastUpgradeCheck = 2600;
				TargetAttributes = {
					5C01FAE8FF8A67BE97BE2B56 = {
						DevelopmentTeam = DGGN7U8332;
						ProvisioningStyle = Automatic;
					};
				};
			};
			buildConfigurationList = BC69C0A9D639EA59E3DD1066 /* Build configuration list for PBXProject "ichiseEdit" */;
			developmentRegion = en;
			hasScannedForEncodings = 0;
			knownRegions = (
				Base,
				en,
				ja,
			);
			mainGroup = E8DA1BD966A3F978D549B326;
			minimizedProjectReferenceProxies = 1;
			preferredProjectObjectVersion = 77;
			productRefGroup = C95D26C3EF39206CC49A904D /* Products */;
			projectDirPath = "";
			projectRoot = "";
			targets = (
				5C01FAE8FF8A67BE97BE2B56 /* ichiseEdit */,
				EF3FB14167AFCD86E9DBB4C3 /* ichiseEditTests */,
			);
		};
/* End PBXProject section */

/* Begin PBXResourcesBuildPhase section */
		C6745A94445350F120BE776D /* Resources */ = {
			isa = PBXResourcesBuildPhase;
			buildActionMask = 2147483647;
			files = (
				F7F7C961645ACA5E17A85E43 /* Assets.xcassets in Resources */,
				EC6EFCE64F3F9CE934994925 /* Localizable.xcstrings in Resources */,
				CC9D44B4280DAD0210EB2B06 /* macro-manual.md in Resources */,
				C8FB41BC24033A7247568B22 /* stdlib.lsp in Resources */,
			);
			runOnlyForDeploymentPostprocessing = 0;
		};
/* End PBXResourcesBuildPhase section */

/* Begin PBXSourcesBuildPhase section */
		5C3D18C2892430DFABA7275A /* Sources */ = {
			isa = PBXSourcesBuildPhase;
			buildActionMask = 2147483647;
			files = (
				446FB596CFE88019A7E0E6C9 /* CodeAutoIndentTests.swift in Sources */,
				E2DD06BC15B76DF510A0E038 /* CodeHighlighterTests.swift in Sources */,
				1A202195BDAB1DDBBF544C31 /* DetailedTextStatisticsTests.swift in Sources */,
				EDBB772EA1D4A8F390BF2238 /* DocExamplesTest.swift in Sources */,
				19D0F64D9EF218CE5556608A /* HelpDocumentTests.swift in Sources */,
				2EB5BD98A968ACEB012B08BB /* LatexHighlighterTests.swift in Sources */,
				06D8063E5E3B1AC437615CBF /* LispHaskellHighlighterTests.swift in Sources */,
				1604426C49CFAC04B1B292FC /* LispILOSTests.swift in Sources */,
				599873A4FD335D13DE59FC0A /* LispInterpreterTests.swift in Sources */,
				901BB50DB9012EC229344FDC /* MacroEngineTests.swift in Sources */,
				808682DD5EA1C4496966D24C /* MarkdownHighlighterTests.swift in Sources */,
				717755413E60E6C0EC3FE68B /* MarkdownListContinuationTests.swift in Sources */,
				096EE2F885A6915165EC2764 /* PerformanceTests.swift in Sources */,
				862605AA9DD91756C0B15652 /* TextStatisticsTests.swift in Sources */,
			);
			runOnlyForDeploymentPostprocessing = 0;
		};
		855AC01E36F63D4779411DE4 /* Sources */ = {
			isa = PBXSourcesBuildPhase;
			buildActionMask = 2147483647;
			files = (
				0AFEB0FA451E14E8A1A778FC /* CodeAutoIndent.swift in Sources */,
				9E574F4BE5B1592587DB223B /* CodeHighlighter.swift in Sources */,
				0BDFE83C59A5CF49A519B47F /* CodeTheme.swift in Sources */,
				C9AD0329CE5B6D26D647DD1F /* DetailedTextStatistics.swift in Sources */,
				BC2F7E75D9F2DFEF0FE9F221 /* EditorMode.swift in Sources */,
				705CF07637B24805B3A86CEF /* EditorView.swift in Sources */,
				4FDE733DDD383933E9C9BE90 /* HelpDocument.swift in Sources */,
				80BDE5A18A1562850C0CAB5C /* IchiseEditApp.swift in Sources */,
				76218CAEB17B6AE081C78F68 /* LanguageDefinition.swift in Sources */,
				7A60F113A6F3E96FA2DA7F4B /* LineNumberGutterView.swift in Sources */,
				CF0B7A130BD5160A5B3C2980 /* LispBuiltins.swift in Sources */,
				DBFDD593B63C2678FE3484CF /* LispEditorAPI.swift in Sources */,
				72E136C8AC7B43EA2347B7B4 /* LispEnvironment.swift in Sources */,
				5BA1DCA83510FFD311E84889 /* LispError.swift in Sources */,
				0C4C06120D42E7DDB4C1332E /* LispInterpreter.swift in Sources */,
				7F443E8E01100C2F166C256E /* LispPlatformAPI.swift in Sources */,
				6AAE0751A57FA5BA1CC80A92 /* LispReader.swift in Sources */,
				9CA1FC51A40B0CC701F808A6 /* LispSystemAPI.swift in Sources */,
				4BF6F7C016E61FB0DCEE9147 /* LispValue.swift in Sources */,
				C1830781870EEC03FC7AA0E1 /* MacroEngine.swift in Sources */,
				E8F49ECB75EE0050058EA731 /* MacroREPLView.swift in Sources */,
				351DA8343750C4D2A4B2D694 /* ManualView.swift in Sources */,
				D3FD661B45FE4C1026A43773 /* MarkdownHighlighter.swift in Sources */,
				514C31469EA5301B53C9D7EA /* MarkdownListContinuation.swift in Sources */,
				394B42A81711504BB26A4E95 /* MarkdownPreviewView.swift in Sources */,
				2E3084EDD2AF710477320018 /* MarkdownTheme.swift in Sources */,
				E3B2367C35024E16941C0E1E /* StatisticsView.swift in Sources */,
				FA68804F7F5F1B0ADDCBEB42 /* TextDocument.swift in Sources */,
				D31818226ADE3F4AE9ABF3F4 /* TextStatistics.swift in Sources */,
				F27ABA336BC6BE959BFC8FC3 /* TextView.swift in Sources */,
				0B4ABA10F93882D6F7FAEA75 /* TextViewProxy.swift in Sources */,
			);
			runOnlyForDeploymentPostprocessing = 0;
		};
/* End PBXSourcesBuildPhase section */

/* Begin PBXTargetDependency section */
		D7BA58507DC11070209E8F52 /* PBXTargetDependency */ = {
			isa = PBXTargetDependency;
			target = 5C01FAE8FF8A67BE97BE2B56 /* ichiseEdit */;
			targetProxy = 74F5E4BB60306EACD8C646E1 /* PBXContainerItemProxy */;
		};
/* End PBXTargetDependency section */

/* Begin XCBuildConfiguration section */
		03D1AA25234999B3BE07BDCA /* Debug */ = {
			isa = XCBuildConfiguration;
			buildSettings = {
				ASSETCATALOG_COMPILER_APPICON_NAME = AppIcon;
				ASSETCATALOG_COMPILER_GLOBAL_ACCENT_COLOR_NAME = AccentColor;
				CODE_SIGN_IDENTITY = "iPhone Developer";
				CODE_SIGN_STYLE = Automatic;
				CURRENT_PROJECT_VERSION = 1;
				DEVELOPMENT_TEAM = DGGN7U8332;
				ENABLE_PREVIEWS = YES;
				INFOPLIST_FILE = ichiseEdit/Support/Info.plist;
				LD_RUNPATH_SEARCH_PATHS = (
					"$(inherited)",
					"@executable_path/Frameworks",
				);
				MARKETING_VERSION = 1.0;
				PRODUCT_BUNDLE_IDENTIFIER = com.ichise.ichiseedit;
				SDKROOT = iphoneos;
				SUPPORTS_MACCATALYST = NO;
				SUPPORTS_MAC_DESIGNED_FOR_IPHONE_IPAD = NO;
				TARGETED_DEVICE_FAMILY = 2;
			};
			name = Debug;
		};
		0EA542E0336DA585F6263AD2 /* Release */ = {
			isa = XCBuildConfiguration;
			buildSettings = {
				BUNDLE_LOADER = "$(TEST_HOST)";
				LD_RUNPATH_SEARCH_PATHS = (
					"$(inherited)",
					"@executable_path/Frameworks",
					"@loader_path/Frameworks",
				);
				PRODUCT_BUNDLE_IDENTIFIER = com.ichise.ichiseEditTests;
				SDKROOT = iphoneos;
				TARGETED_DEVICE_FAMILY = "1,2";
				TEST_HOST = "$(BUILT_PRODUCTS_DIR)/ichiseEdit.app/ichiseEdit";
			};
			name = Release;
		};
		419A5E4DC19F5038D719CEAC /* Release */ = {
			isa = XCBuildConfiguration;
			buildSettings = {
				ASSETCATALOG_COMPILER_APPICON_NAME = AppIcon;
				ASSETCATALOG_COMPILER_GLOBAL_ACCENT_COLOR_NAME = AccentColor;
				CODE_SIGN_IDENTITY = "iPhone Developer";
				CODE_SIGN_STYLE = Automatic;
				CURRENT_PROJECT_VERSION = 1;
				DEVELOPMENT_TEAM = DGGN7U8332;
				ENABLE_PREVIEWS = YES;
				INFOPLIST_FILE = ichiseEdit/Support/Info.plist;
				LD_RUNPATH_SEARCH_PATHS = (
					"$(inherited)",
					"@executable_path/Frameworks",
				);
				MARKETING_VERSION = 1.0;
				PRODUCT_BUNDLE_IDENTIFIER = com.ichise.ichiseedit;
				SDKROOT = iphoneos;
				SUPPORTS_MACCATALYST = NO;
				SUPPORTS_MAC_DESIGNED_FOR_IPHONE_IPAD = NO;
				TARGETED_DEVICE_FAMILY = 2;
			};
			name = Release;
		};
		5F5F0503A173FEAF1E75FA78 /* Release */ = {
			isa = XCBuildConfiguration;
			buildSettings = {
				ALWAYS_SEARCH_USER_PATHS = NO;
				CLANG_ANALYZER_NONNULL = YES;
				CLANG_ANALYZER_NUMBER_OBJECT_CONVERSION = YES_AGGRESSIVE;
				CLANG_CXX_LANGUAGE_STANDARD = "gnu++14";
				CLANG_CXX_LIBRARY = "libc++";
				CLANG_ENABLE_MODULES = YES;
				CLANG_ENABLE_OBJC_ARC = YES;
				CLANG_ENABLE_OBJC_WEAK = YES;
				CLANG_WARN_BLOCK_CAPTURE_AUTORELEASING = YES;
				CLANG_WARN_BOOL_CONVERSION = YES;
				CLANG_WARN_COMMA = YES;
				CLANG_WARN_CONSTANT_CONVERSION = YES;
				CLANG_WARN_DEPRECATED_OBJC_IMPLEMENTATIONS = YES;
				CLANG_WARN_DIRECT_OBJC_ISA_USAGE = YES_ERROR;
				CLANG_WARN_DOCUMENTATION_COMMENTS = YES;
				CLANG_WARN_EMPTY_BODY = YES;
				CLANG_WARN_ENUM_CONVERSION = YES;
				CLANG_WARN_INFINITE_RECURSION = YES;
				CLANG_WARN_INT_CONVERSION = YES;
				CLANG_WARN_NON_LITERAL_NULL_CONVERSION = YES;
				CLANG_WARN_OBJC_IMPLICIT_RETAIN_SELF = YES;
				CLANG_WARN_OBJC_LITERAL_CONVERSION = YES;
				CLANG_WARN_OBJC_ROOT_CLASS = YES_ERROR;
				CLANG_WARN_QUOTED_INCLUDE_IN_FRAMEWORK_HEADER = YES;
				CLANG_WARN_RANGE_LOOP_ANALYSIS = YES;
				CLANG_WARN_STRICT_PROTOTYPES = YES;
				CLANG_WARN_SUSPICIOUS_MOVE = YES;
				CLANG_WARN_UNGUARDED_AVAILABILITY = YES_AGGRESSIVE;
				CLANG_WARN_UNREACHABLE_CODE = YES;
				CLANG_WARN__DUPLICATE_METHOD_MATCH = YES;
				COPY_PHASE_STRIP = NO;
				DEBUG_INFORMATION_FORMAT = "dwarf-with-dsym";
				ENABLE_NS_ASSERTIONS = NO;
				ENABLE_STRICT_OBJC_MSGSEND = YES;
				GCC_C_LANGUAGE_STANDARD = gnu11;
				GCC_NO_COMMON_BLOCKS = YES;
				GCC_WARN_64_TO_32_BIT_CONVERSION = YES;
				GCC_WARN_ABOUT_RETURN_TYPE = YES_ERROR;
				GCC_WARN_UNDECLARED_SELECTOR = YES;
				GCC_WARN_UNINITIALIZED_AUTOS = YES_AGGRESSIVE;
				GCC_WARN_UNUSED_FUNCTION = YES;
				GCC_WARN_UNUSED_VARIABLE = YES;
				IPHONEOS_DEPLOYMENT_TARGET = 16.0;
				MTL_ENABLE_DEBUG_INFO = NO;
				MTL_FAST_MATH = YES;
				PRODUCT_NAME = "$(TARGET_NAME)";
				SDKROOT = iphoneos;
				SWIFT_COMPILATION_MODE = wholemodule;
				SWIFT_OPTIMIZATION_LEVEL = "-O";
				SWIFT_VERSION = 5.9;
			};
			name = Release;
		};
		906598FAA418E241C51F346F /* Debug */ = {
			isa = XCBuildConfiguration;
			buildSettings = {
				BUNDLE_LOADER = "$(TEST_HOST)";
				LD_RUNPATH_SEARCH_PATHS = (
					"$(inherited)",
					"@executable_path/Frameworks",
					"@loader_path/Frameworks",
				);
				PRODUCT_BUNDLE_IDENTIFIER = com.ichise.ichiseEditTests;
				SDKROOT = iphoneos;
				TARGETED_DEVICE_FAMILY = "1,2";
				TEST_HOST = "$(BUILT_PRODUCTS_DIR)/ichiseEdit.app/ichiseEdit";
			};
			name = Debug;
		};
		C06478899BB267A37D1AA761 /* Debug */ = {
			isa = XCBuildConfiguration;
			buildSettings = {
				ALWAYS_SEARCH_USER_PATHS = NO;
				CLANG_ANALYZER_NONNULL = YES;
				CLANG_ANALYZER_NUMBER_OBJECT_CONVERSION = YES_AGGRESSIVE;
				CLANG_CXX_LANGUAGE_STANDARD = "gnu++14";
				CLANG_CXX_LIBRARY = "libc++";
				CLANG_ENABLE_MODULES = YES;
				CLANG_ENABLE_OBJC_ARC = YES;
				CLANG_ENABLE_OBJC_WEAK = YES;
				CLANG_WARN_BLOCK_CAPTURE_AUTORELEASING = YES;
				CLANG_WARN_BOOL_CONVERSION = YES;
				CLANG_WARN_COMMA = YES;
				CLANG_WARN_CONSTANT_CONVERSION = YES;
				CLANG_WARN_DEPRECATED_OBJC_IMPLEMENTATIONS = YES;
				CLANG_WARN_DIRECT_OBJC_ISA_USAGE = YES_ERROR;
				CLANG_WARN_DOCUMENTATION_COMMENTS = YES;
				CLANG_WARN_EMPTY_BODY = YES;
				CLANG_WARN_ENUM_CONVERSION = YES;
				CLANG_WARN_INFINITE_RECURSION = YES;
				CLANG_WARN_INT_CONVERSION = YES;
				CLANG_WARN_NON_LITERAL_NULL_CONVERSION = YES;
				CLANG_WARN_OBJC_IMPLICIT_RETAIN_SELF = YES;
				CLANG_WARN_OBJC_LITERAL_CONVERSION = YES;
				CLANG_WARN_OBJC_ROOT_CLASS = YES_ERROR;
				CLANG_WARN_QUOTED_INCLUDE_IN_FRAMEWORK_HEADER = YES;
				CLANG_WARN_RANGE_LOOP_ANALYSIS = YES;
				CLANG_WARN_STRICT_PROTOTYPES = YES;
				CLANG_WARN_SUSPICIOUS_MOVE = YES;
				CLANG_WARN_UNGUARDED_AVAILABILITY = YES_AGGRESSIVE;
				CLANG_WARN_UNREACHABLE_CODE = YES;
				CLANG_WARN__DUPLICATE_METHOD_MATCH = YES;
				COPY_PHASE_STRIP = NO;
				DEBUG_INFORMATION_FORMAT = dwarf;
				ENABLE_STRICT_OBJC_MSGSEND = YES;
				ENABLE_TESTABILITY = YES;
				GCC_C_LANGUAGE_STANDARD = gnu11;
				GCC_DYNAMIC_NO_PIC = NO;
				GCC_NO_COMMON_BLOCKS = YES;
				GCC_OPTIMIZATION_LEVEL = 0;
				GCC_PREPROCESSOR_DEFINITIONS = (
					"$(inherited)",
					"DEBUG=1",
				);
				GCC_WARN_64_TO_32_BIT_CONVERSION = YES;
				GCC_WARN_ABOUT_RETURN_TYPE = YES_ERROR;
				GCC_WARN_UNDECLARED_SELECTOR = YES;
				GCC_WARN_UNINITIALIZED_AUTOS = YES_AGGRESSIVE;
				GCC_WARN_UNUSED_FUNCTION = YES;
				GCC_WARN_UNUSED_VARIABLE = YES;
				IPHONEOS_DEPLOYMENT_TARGET = 16.0;
				MTL_ENABLE_DEBUG_INFO = INCLUDE_SOURCE;
				MTL_FAST_MATH = YES;
				ONLY_ACTIVE_ARCH = YES;
				PRODUCT_NAME = "$(TARGET_NAME)";
				SDKROOT = iphoneos;
				SWIFT_ACTIVE_COMPILATION_CONDITIONS = DEBUG;
				SWIFT_OPTIMIZATION_LEVEL = "-Onone";
				SWIFT_VERSION = 5.9;
			};
			name = Debug;
		};
/* End XCBuildConfiguration section */

/* Begin XCConfigurationList section */
		0BDEA3032275D49F5DB535F7 /* Build configuration list for PBXNativeTarget "ichiseEditTests" */ = {
			isa = XCConfigurationList;
			buildConfigurations = (
				906598FAA418E241C51F346F /* Debug */,
				0EA542E0336DA585F6263AD2 /* Release */,
			);
			defaultConfigurationIsVisible = 0;
			defaultConfigurationName = Debug;
		};
		BC69C0A9D639EA59E3DD1066 /* Build configuration list for PBXProject "ichiseEdit" */ = {
			isa = XCConfigurationList;
			buildConfigurations = (
				C06478899BB267A37D1AA761 /* Debug */,
				5F5F0503A173FEAF1E75FA78 /* Release */,
			);
			defaultConfigurationIsVisible = 0;
			defaultConfigurationName = Debug;
		};
		C9CD54C5585D50413F95D099 /* Build configuration list for PBXNativeTarget "ichiseEdit" */ = {
			isa = XCConfigurationList;
			buildConfigurations = (
				03D1AA25234999B3BE07BDCA /* Debug */,
				419A5E4DC19F5038D719CEAC /* Release */,
			);
			defaultConfigurationIsVisible = 0;
			defaultConfigurationName = Debug;
		};
/* End XCConfigurationList section */
	};
	rootObject = 49347C2D81F7E1A1DC0E090F /* Project object */;
}
